
Microsoft Visual Studio Solution File, Format Version 12.00
# Visual Studio Version 17
VisualStudioVersion = 17.12.35521.163
MinimumVisualStudioVersion = 10.0.40219.1
Project("{FAE04EC0-301F-11D3-BF4B-00C04F79EFBC}") = "CSharpBasicProject", "C#BasicProject\CSharpBasicProject.csproj", "{F0D55EB4-9FFF-4253-8EB0-3B312FD96E49}"
EndProject
Project("{FAE04EC0-301F-11D3-BF4B-00C04F79EFBC}") = "InheritanceConcept", "InheritanceConcept\InheritanceConcept.csproj", "{FE492A1A-0251-4B59-A0DC-2B6C931BEB06}"
EndProject
Project("{FAE04EC0-301F-11D3-BF4B-00C04F79EFBC}") = "OOP Concept", "OOP Concept\OOP Concept.csproj", "{2DED564D-EA74-4FA8-8BD0-A8A8268CCDA3}"
EndProject
Global
	GlobalSection(SolutionConfigurationPlatforms) = preSolution
		Debug|Any CPU = Debug|Any CPU
		Release|Any CPU = Release|Any CPU
	EndGlobalSection
	GlobalSection(ProjectConfigurationPlatforms) = postSolution
		{F0D55EB4-9FFF-4253-8EB0-3B312FD96E49}.Debug|Any CPU.ActiveCfg = Debug|Any CPU
		{F0D55EB4-9FFF-4253-8EB0-3B312FD96E49}.Debug|Any CPU.Build.0 = Debug|Any CPU
		{F0D55EB4-9FFF-4253-8EB0-3B312FD96E49}.Release|Any CPU.ActiveCfg = Release|Any CPU
		{F0D55EB4-9FFF-4253-8EB0-3B312FD96E49}.Release|Any CPU.Build.0 = Release|Any CPU
		{FE492A1A-0251-4B59-A0DC-2B6C931BEB06}.Debug|Any CPU.ActiveCfg = Debug|Any CPU
		{FE492A1A-0251-4B59-A0DC-2B6C931BEB06}.Debug|Any CPU.Build.0 = Debug|Any CPU
		{FE492A1A-0251-4B59-A0DC-2B6C931BEB06}.Release|Any CPU.ActiveCfg = Release|Any CPU
		{FE492A1A-0251-4B59-A0DC-2B6C931BEB06}.Release|Any CPU.Build.0 = Release|Any CPU
		{2DED564D-EA74-4FA8-8BD0-A8A8268CCDA3}.Debug|Any CPU.ActiveCfg = Debug|Any CPU
		{2DED564D-EA74-4FA8-8BD0-A8A8268CCDA3}.Debug|Any CPU.Build.0 = Debug|Any CPU
		{2DED564D-EA74-4FA8-8BD0-A8A8268CCDA3}.Release|Any CPU.ActiveCfg = Release|Any CPU
		{2DED564D-EA74-4FA8-8BD0-A8A8268CCDA3}.Release|Any CPU.Build.0 = Release|Any CPU
	EndGlobalSection
	GlobalSection(SolutionProperties) = preSolution
		HideSolutionNode = FALSE
	EndGlobalSection
EndGlobal
